// !$*UTF8*$!
{
	archiveVersion = 1;
	classes = {
	};
	objectVersion = 77;
	objects = {

/* Begin PBXBuildFile section */
		79C874032E2E0FB80052173F /* GoogleMobileAds in Frameworks */ = {isa = PBXBuildFile; productRef = 79C874022E2E0FB80052173F /* GoogleMobileAds */; };
		79CC4BD82E2DE3F4008C83D5 /* FirebaseAnalytics in Frameworks */ = {isa = PBXBuildFile; productRef = 79CC4BD72E2DE3F4008C83D5 /* FirebaseAnalytics */; };
		79CC4BDA2E2DE3F4008C83D5 /* FirebaseAnalyticsCore in Frameworks */ = {isa = PBXBuildFile; productRef = 79CC4BD92E2DE3F4008C83D5 /* FirebaseAnalyticsCore */; };
		79CC4BDC2E2DE3F4008C83D5 /* (null) in Frameworks */ = {isa = PBXBuildFile; };
		79CC4BE22E2DE3F4008C83D5 /* FirebaseAuth in Frameworks */ = {isa = PBXBuildFile; productRef = 79CC4BE12E2DE3F4008C83D5 /* FirebaseAuth */; };
		79CC4BE62E2DE3F4008C83D5 /* FirebaseCore in Frameworks */ = {isa = PBXBuildFile; productRef = 79CC4BE52E2DE3F4008C83D5 /* FirebaseCore */; };
		79CC4BE82E2DE3F4008C83D5 /* FirebaseCrashlytics in Frameworks */ = {isa = PBXBuildFile; productRef = 79CC4BE72E2DE3F4008C83D5 /* FirebaseCrashlytics */; };
		79CC4BEA2E2DE3F4008C83D5 /* FirebaseDatabase in Frameworks */ = {isa = PBXBuildFile; productRef = 79CC4BE92E2DE3F4008C83D5 /* FirebaseDatabase */; };
		79CC4BEC2E2DE3F4008C83D5 /* FirebaseFirestore in Frameworks */ = {isa = PBXBuildFile; productRef = 79CC4BEB2E2DE3F4008C83D5 /* FirebaseFirestore */; };
		79CC4BF02E2DE3F4008C83D5 /* FirebaseFunctions in Frameworks */ = {isa = PBXBuildFile; productRef = 79CC4BEF2E2DE3F4008C83D5 /* FirebaseFunctions */; };
		79CC4BFA2E2DE3F4008C83D5 /* FirebaseMessaging in Frameworks */ = {isa = PBXBuildFile; productRef = 79CC4BF92E2DE3F4008C83D5 /* FirebaseMessaging */; };
		79CC4BFE2E2DE3F4008C83D5 /* FirebaseRemoteConfig in Frameworks */ = {isa = PBXBuildFile; productRef = 79CC4BFD2E2DE3F4008C83D5 /* FirebaseRemoteConfig */; };
		79CC4C002E2DE3F4008C83D5 /* FirebaseStorage in Frameworks */ = {isa = PBXBuildFile; productRef = 79CC4BFF2E2DE3F4008C83D5 /* FirebaseStorage */; };
/* End PBXBuildFile section */

/* Begin PBXFileReference section */
		79CC4B7C2E2DBD3B008C83D5 /* Infinitum Horizon.app */ = {isa = PBXFileReference; explicitFileType = wrapper.application; includeInIndex = 0; path = "Infinitum Horizon.app"; sourceTree = BUILT_PRODUCTS_DIR; };
/* End PBXFileReference section */

/* Begin PBXFileSystemSynchronizedBuildFileExceptionSet section */
		79CC4B892E2DBD3C008C83D5 /* Exceptions for "Infinitum Horizon" folder in "Infinitum Horizon" target */ = {
			isa = PBXFileSystemSynchronizedBuildFileExceptionSet;
			membershipExceptions = (
				Info.plist,
			);
			target = 79CC4B7B2E2DBD3B008C83D5 /* Infinitum Horizon */;
		};
/* End PBXFileSystemSynchronizedBuildFileExceptionSet section */

/* Begin PBXFileSystemSynchronizedRootGroup section */
		79CC4B7E2E2DBD3B008C83D5 /* Infinitum Horizon */ = {
			isa = PBXFileSystemSynchronizedRootGroup;
			exceptions = (
				79CC4B892E2DBD3C008C83D5 /* Exceptions for "Infinitum Horizon" folder in "Infinitum Horizon" target */,
			);
			path = "Infinitum Horizon";
			sourceTree = "<group>";
		};
/* End PBXFileSystemSynchronizedRootGroup section */

/* Begin PBXFrameworksBuildPhase section */
		79CC4B792E2DBD3B008C83D5 /* Frameworks */ = {
			isa = PBXFrameworksBuildPhase;
			buildActionMask = 2147483647;
			files = (
				79CC4BF02E2DE3F4008C83D5 /* FirebaseFunctions in Frameworks */,
				79CC4BFE2E2DE3F4008C83D5 /* FirebaseRemoteConfig in Frameworks */,
				79CC4BDC2E2DE3F4008C83D5 /* (null) in Frameworks */,
				79CC4BD82E2DE3F4008C83D5 /* FirebaseAnalytics in Frameworks */,
				79CC4BDA2E2DE3F4008C83D5 /* FirebaseAnalyticsCore in Frameworks */,
				79C874032E2E0FB80052173F /* GoogleMobileAds in Frameworks */,
				79CC4BEC2E2DE3F4008C83D5 /* FirebaseFirestore in Frameworks */,
				79CC4BFA2E2DE3F4008C83D5 /* FirebaseMessaging in Frameworks */,
				79CC4BE22E2DE3F4008C83D5 /* FirebaseAuth in Frameworks */,
				79CC4BE82E2DE3F4008C83D5 /* FirebaseCrashlytics in Frameworks */,
				79CC4BEA2E2DE3F4008C83D5 /* FirebaseDatabase in Frameworks */,
				79CC4C002E2DE3F4008C83D5 /* FirebaseStorage in Frameworks */,
				79CC4BE62E2DE3F4008C83D5 /* FirebaseCore in Frameworks */,
			);
			runOnlyForDeploymentPostprocessing = 0;
		};
/* End PBXFrameworksBuildPhase section */

/* Begin PBXGroup section */
		79CC4B732E2DBD3B008C83D5 = {
			isa = PBXGroup;
			children = (
				79CC4B7E2E2DBD3B008C83D5 /* Infinitum Horizon */,
				79CC4B7D2E2DBD3B008C83D5 /* Products */,
			);
			sourceTree = "<group>";
		};
		79CC4B7D2E2DBD3B008C83D5 /* Products */ = {
			isa = PBXGroup;
			children = (
				79CC4B7C2E2DBD3B008C83D5 /* Infinitum Horizon.app */,
			);
			name = Products;
			sourceTree = "<group>";
		};
/* End PBXGroup section */

/* Begin PBXNativeTarget section */
		79CC4B7B2E2DBD3B008C83D5 /* Infinitum Horizon */ = {
			isa = PBXNativeTarget;
			buildConfigurationList = 79CC4B8A2E2DBD3C008C83D5 /* Build configuration list for PBXNativeTarget "Infinitum Horizon" */;
			buildPhases = (
				79CC4B782E2DBD3B008C83D5 /* Sources */,
				79CC4B792E2DBD3B008C83D5 /* Frameworks */,
				79CC4B7A2E2DBD3B008C83D5 /* Resources */,
			);
			buildRules = (
			);
			dependencies = (
			);
			fileSystemSynchronizedGroups = (
				79CC4B7E2E2DBD3B008C83D5 /* Infinitum Horizon */,
			);
			name = "Infinitum Horizon";
			packageProductDependencies = (
				79CC4BD72E2DE3F4008C83D5 /* FirebaseAnalytics */,
				79CC4BD92E2DE3F4008C83D5 /* FirebaseAnalyticsCore */,
				79CC4BE12E2DE3F4008C83D5 /* FirebaseAuth */,
				79CC4BE52E2DE3F4008C83D5 /* FirebaseCore */,
				79CC4BE72E2DE3F4008C83D5 /* FirebaseCrashlytics */,
				79CC4BE92E2DE3F4008C83D5 /* FirebaseDatabase */,
				79CC4BEB2E2DE3F4008C83D5 /* FirebaseFirestore */,
				79CC4BEF2E2DE3F4008C83D5 /* FirebaseFunctions */,
				79CC4BF92E2DE3F4008C83D5 /* FirebaseMessaging */,
				79CC4BFD2E2DE3F4008C83D5 /* FirebaseRemoteConfig */,
				79CC4BFF2E2DE3F4008C83D5 /* FirebaseStorage */,
				79C874022E2E0FB80052173F /* GoogleMobileAds */,
			);
			productName = "Infinitum Horizon";
			productReference = 79CC4B7C2E2DBD3B008C83D5 /* Infinitum Horizon.app */;
			productType = "com.apple.product-type.application";
		};
/* End PBXNativeTarget section */

/* Begin PBXProject section */
		79CC4B742E2DBD3B008C83D5 /* Project object */ = {
			isa = PBXProject;
			attributes = {
				BuildIndependentTargetsInParallel = 1;
				LastSwiftUpdateCheck = 1640;
				LastUpgradeCheck = 1640;
				TargetAttributes = {
					79CC4B7B2E2DBD3B008C83D5 = {
						CreatedOnToolsVersion = 16.4;
					};
				};
			};
			buildConfigurationList = 79CC4B772E2DBD3B008C83D5 /* Build configuration list for PBXProject "Infinitum Horizon" */;
			developmentRegion = en;
			hasScannedForEncodings = 0;
			knownRegions = (
				en,
				Base,
			);
			mainGroup = 79CC4B732E2DBD3B008C83D5;
			minimizedProjectReferenceProxies = 1;
			packageReferences = (
				79CC4BD42E2DE3F4008C83D5 /* XCRemoteSwiftPackageReference "firebase-ios-sdk" */,
				79C874012E2E0FB80052173F /* XCRemoteSwiftPackageReference "swift-package-manager-google-mobile-ads" */,
			);
			preferredProjectObjectVersion = 77;
			productRefGroup = 79CC4B7D2E2DBD3B008C83D5 /* Products */;
			projectDirPath = "";
			projectRoot = "";
			targets = (
				79CC4B7B2E2DBD3B008C83D5 /* Infinitum Horizon */,
			);
		};
/* End PBXProject section */

/* Begin PBXResourcesBuildPhase section */
		79CC4B7A2E2DBD3B008C83D5 /* Resources */ = {
			isa = PBXResourcesBuildPhase;
			buildActionMask = 2147483647;
			files = (
			);
			runOnlyForDeploymentPostprocessing = 0;
		};
/* End PBXResourcesBuildPhase section */

/* Begin PBXSourcesBuildPhase section */
		79CC4B782E2DBD3B008C83D5 /* Sources */ = {
			isa = PBXSourcesBuildPhase;
			buildActionMask = 2147483647;
			files = (
			);
			runOnlyForDeploymentPostprocessing = 0;
		};
/* End PBXSourcesBuildPhase section */

/* Begin XCBuildConfiguration section */
		79CC4B8B2E2DBD3C008C83D5 /* Debug */ = {
			isa = XCBuildConfiguration;
			buildSettings = {
				ASSETCATALOG_COMPILER_APPICON_NAME = AppIcon;
				ASSETCATALOG_COMPILER_GLOBAL_ACCENT_COLOR_NAME = AccentColor;
				CODE_SIGN_ENTITLEMENTS = "Infinitum Horizon/Infinitum_Horizon.entitlements";
				CODE_SIGN_STYLE = Automatic;
				CURRENT_PROJECT_VERSION = 1;
				DEVELOPMENT_TEAM = AD7SJSPX55;
				ENABLE_HARDENED_RUNTIME = YES;
				ENABLE_PREVIEWS = YES;
				GENERATE_INFOPLIST_FILE = YES;
				INFOPLIST_FILE = "Infinitum Horizon/Info.plist";
				INFOPLIST_KEY_CFBundleDisplayName = "Infinitum Horizon";
				INFOPLIST_KEY_LSApplicationCategoryType = "public.app-category.productivity";
				"INFOPLIST_KEY_UIApplicationSceneManifest_Generation[sdk=iphoneos*]" = YES;
				"INFOPLIST_KEY_UIApplicationSceneManifest_Generation[sdk=iphonesimulator*]" = YES;
				"INFOPLIST_KEY_UIApplicationSupportsIndirectInputEvents[sdk=iphoneos*]" = YES;
				"INFOPLIST_KEY_UIApplicationSupportsIndirectInputEvents[sdk=iphonesimulator*]" = YES;
				"INFOPLIST_KEY_UILaunchScreen_Generation[sdk=iphoneos*]" = YES;
				"INFOPLIST_KEY_UILaunchScreen_Generation[sdk=iphonesimulator*]" = YES;
				"INFOPLIST_KEY_UIStatusBarStyle[sdk=iphoneos*]" = UIStatusBarStyleDefault;
				"INFOPLIST_KEY_UIStatusBarStyle[sdk=iphonesimulator*]" = UIStatusBarStyleDefault;
				INFOPLIST_KEY_UISupportedInterfaceOrientations_iPad = "UIInterfaceOrientationPortrait UIInterfaceOrientationPortraitUpsideDown UIInterfaceOrientationLandscapeLeft UIInterfaceOrientationLandscapeRight";
				INFOPLIST_KEY_UISupportedInterfaceOrientations_iPhone = "UIInterfaceOrientationPortrait UIInterfaceOrientationLandscapeLeft UIInterfaceOrientationLandscapeRight";
				IPHONEOS_DEPLOYMENT_TARGET = 17.0;
				LD_RUNPATH_SEARCH_PATHS = "@executable_path/Frameworks";
				"LD_RUNPATH_SEARCH_PATHS[sdk=macosx*]" = "@executable_path/../Frameworks";
				MACOSX_DEPLOYMENT_TARGET = 14.0;
				MARKETING_VERSION = 1.0;
				PRODUCT_BUNDLE_IDENTIFIER = "Infinitum-Imagery-LLC.Infinitum-Horizon";
				PRODUCT_NAME = "$(TARGET_NAME)";
				REGISTER_APP_GROUPS = YES;
				SDKROOT = auto;
				SUPPORTED_PLATFORMS = "appletvos appletvsimulator iphoneos iphonesimulator macosx xros xrsimulator";
				SUPPORTS_MACCATALYST = NO;
				SWIFT_EMIT_LOC_STRINGS = YES;
				SWIFT_VERSION = 5.0;
				TARGETED_DEVICE_FAMILY = "1,2,3,7";
				XROS_DEPLOYMENT_TARGET = 2.0;
			};
			name = Debug;
		};
		79CC4B8C2E2DBD3C008C83D5 /* Release */ = {
			isa = XCBuildConfiguration;
			buildSettings = {
				ASSETCATALOG_COMPILER_APPICON_NAME = AppIcon;
				ASSETCATALOG_COMPILER_GLOBAL_ACCENT_COLOR_NAME = AccentColor;
				CODE_SIGN_ENTITLEMENTS = "Infinitum Horizon/Infinitum_Horizon.entitlements";
				CODE_SIGN_STYLE = Automatic;
				CURRENT_PROJECT_VERSION = 1;
				DEVELOPMENT_TEAM = AD7SJSPX55;
				ENABLE_HARDENED_RUNTIME = YES;
				ENABLE_PREVIEWS = YES;
				GENERATE_INFOPLIST_FILE = YES;
				INFOPLIST_FILE = "Infinitum Horizon/Info.plist";
				INFOPLIST_KEY_CFBundleDisplayName = "Infinitum Horizon";
				INFOPLIST_KEY_LSApplicationCategoryType = "public.app-category.productivity";
				"INFOPLIST_KEY_UIApplicationSceneManifest_Generation[sdk=iphoneos*]" = YES;
				"INFOPLIST_KEY_UIApplicationSceneManifest_Generation[sdk=iphonesimulator*]" = YES;
				"INFOPLIST_KEY_UIApplicationSupportsIndirectInputEvents[sdk=iphoneos*]" = YES;
				"INFOPLIST_KEY_UIApplicationSupportsIndirectInputEvents[sdk=iphonesimulator*]" = YES;
				"INFOPLIST_KEY_UILaunchScreen_Generation[sdk=iphoneos*]" = YES;
				"INFOPLIST_KEY_UILaunchScreen_Generation[sdk=iphonesimulator*]" = YES;
				"INFOPLIST_KEY_UIStatusBarStyle[sdk=iphoneos*]" = UIStatusBarStyleDefault;
				"INFOPLIST_KEY_UIStatusBarStyle[sdk=iphonesimulator*]" = UIStatusBarStyleDefault;
				INFOPLIST_KEY_UISupportedInterfaceOrientations_iPad = "UIInterfaceOrientationPortrait UIInterfaceOrientationPortraitUpsideDown UIInterfaceOrientationLandscapeLeft UIInterfaceOrientationLandscapeRight";
				INFOPLIST_KEY_UISupportedInterfaceOrientations_iPhone = "UIInterfaceOrientationPortrait UIInterfaceOrientationLandscapeLeft UIInterfaceOrientationLandscapeRight";
				IPHONEOS_DEPLOYMENT_TARGET = 17.0;
				LD_RUNPATH_SEARCH_PATHS = "@executable_path/Frameworks";
				"LD_RUNPATH_SEARCH_PATHS[sdk=macosx*]" = "@executable_path/../Frameworks";
				MACOSX_DEPLOYMENT_TARGET = 14.0;
				MARKETING_VERSION = 1.0;
				PRODUCT_BUNDLE_IDENTIFIER = "Infinitum-Imagery-LLC.Infinitum-Horizon";
				PRODUCT_NAME = "$(TARGET_NAME)";
				REGISTER_APP_GROUPS = YES;
				SDKROOT = auto;
				SUPPORTED_PLATFORMS = "appletvos appletvsimulator iphoneos iphonesimulator macosx xros xrsimulator";
				SUPPORTS_MACCATALYST = NO;
				SWIFT_EMIT_LOC_STRINGS = YES;
				SWIFT_VERSION = 5.0;
				TARGETED_DEVICE_FAMILY = "1,2,3,7";
				XROS_DEPLOYMENT_TARGET = 2.0;
			};
			name = Release;
		};
		79CC4B8D2E2DBD3C008C83D5 /* Debug */ = {
			isa = XCBuildConfiguration;
			buildSettings = {
				ALWAYS_SEARCH_USER_PATHS = NO;
				ASSETCATALOG_COMPILER_GENERATE_SWIFT_ASSET_SYMBOL_EXTENSIONS = YES;
				CLANG_ANALYZER_NONNULL = YES;
				CLANG_ANALYZER_NUMBER_OBJECT_CONVERSION = YES_AGGRESSIVE;
				CLANG_CXX_LANGUAGE_STANDARD = "gnu++20";
				CLANG_ENABLE_MODULES = YES;
				CLANG_ENABLE_OBJC_ARC = YES;
				CLANG_ENABLE_OBJC_WEAK = YES;
				CLANG_WARN_BLOCK_CAPTURE_AUTORELEASING = YES;
				CLANG_WARN_BOOL_CONVERSION = YES;
				CLANG_WARN_COMMA = YES;
				CLANG_WARN_CONSTANT_CONVERSION = YES;
				CLANG_WARN_DEPRECATED_OBJC_IMPLEMENTATIONS = YES;
				CLANG_WARN_DIRECT_OBJC_ISA_USAGE = YES_ERROR;
				CLANG_WARN_DOCUMENTATION_COMMENTS = YES;
				CLANG_WARN_EMPTY_BODY = YES;
				CLANG_WARN_ENUM_CONVERSION = YES;
				CLANG_WARN_INFINITE_RECURSION = YES;
				CLANG_WARN_INT_CONVERSION = YES;
				CLANG_WARN_NON_LITERAL_NULL_CONVERSION = YES;
				CLANG_WARN_OBJC_IMPLICIT_RETAIN_SELF = YES;
				CLANG_WARN_OBJC_LITERAL_CONVERSION = YES;
				CLANG_WARN_OBJC_ROOT_CLASS = YES_ERROR;
				CLANG_WARN_QUOTED_INCLUDE_IN_FRAMEWORK_HEADER = YES;
				CLANG_WARN_RANGE_LOOP_ANALYSIS = YES;
				CLANG_WARN_STRICT_PROTOTYPES = YES;
				CLANG_WARN_SUSPICIOUS_MOVE = YES;
				CLANG_WARN_UNGUARDED_AVAILABILITY = YES_AGGRESSIVE;
				CLANG_WARN_UNREACHABLE_CODE = YES;
				CLANG_WARN__DUPLICATE_METHOD_MATCH = YES;
				COPY_PHASE_STRIP = NO;
				DEBUG_INFORMATION_FORMAT = dwarf;
				DEVELOPMENT_TEAM = AD7SJSPX55;
				ENABLE_STRICT_OBJC_MSGSEND = YES;
				ENABLE_TESTABILITY = YES;
				ENABLE_USER_SCRIPT_SANDBOXING = YES;
				GCC_C_LANGUAGE_STANDARD = gnu17;
				GCC_DYNAMIC_NO_PIC = NO;
				GCC_NO_COMMON_BLOCKS = YES;
				GCC_OPTIMIZATION_LEVEL = 0;
				GCC_PREPROCESSOR_DEFINITIONS = (
					"DEBUG=1",
					"$(inherited)",
				);
				GCC_WARN_64_TO_32_BIT_CONVERSION = YES;
				GCC_WARN_ABOUT_RETURN_TYPE = YES_ERROR;
				GCC_WARN_UNDECLARED_SELECTOR = YES;
				GCC_WARN_UNINITIALIZED_AUTOS = YES_AGGRESSIVE;
				GCC_WARN_UNUSED_FUNCTION = YES;
				GCC_WARN_UNUSED_VARIABLE = YES;
				LOCALIZATION_PREFERS_STRING_CATALOGS = YES;
				MTL_ENABLE_DEBUG_INFO = INCLUDE_SOURCE;
				MTL_FAST_MATH = YES;
				ONLY_ACTIVE_ARCH = YES;
				SWIFT_ACTIVE_COMPILATION_CONDITIONS = "DEBUG $(inherited)";
				SWIFT_OPTIMIZATION_LEVEL = "-Onone";
			};
			name = Debug;
		};
		79CC4B8E2E2DBD3C008C83D5 /* Release */ = {
			isa = XCBuildConfiguration;
			buildSettings = {
				ALWAYS_SEARCH_USER_PATHS = NO;
				ASSETCATALOG_COMPILER_GENERATE_SWIFT_ASSET_SYMBOL_EXTENSIONS = YES;
				CLANG_ANALYZER_NONNULL = YES;
				CLANG_ANALYZER_NUMBER_OBJECT_CONVERSION = YES_AGGRESSIVE;
				CLANG_CXX_LANGUAGE_STANDARD = "gnu++20";
				CLANG_ENABLE_MODULES = YES;
				CLANG_ENABLE_OBJC_ARC = YES;
				CLANG_ENABLE_OBJC_WEAK = YES;
				CLANG_WARN_BLOCK_CAPTURE_AUTORELEASING = YES;
				CLANG_WARN_BOOL_CONVERSION = YES;
				CLANG_WARN_COMMA = YES;
				CLANG_WARN_CONSTANT_CONVERSION = YES;
				CLANG_WARN_DEPRECATED_OBJC_IMPLEMENTATIONS = YES;
				CLANG_WARN_DIRECT_OBJC_ISA_USAGE = YES_ERROR;
				CLANG_WARN_DOCUMENTATION_COMMENTS = YES;
				CLANG_WARN_EMPTY_BODY = YES;
				CLANG_WARN_ENUM_CONVERSION = YES;
				CLANG_WARN_INFINITE_RECURSION = YES;
				CLANG_WARN_INT_CONVERSION = YES;
				CLANG_WARN_NON_LITERAL_NULL_CONVERSION = YES;
				CLANG_WARN_OBJC_IMPLICIT_RETAIN_SELF = YES;
				CLANG_WARN_OBJC_LITERAL_CONVERSION = YES;
				CLANG_WARN_OBJC_ROOT_CLASS = YES_ERROR;
				CLANG_WARN_QUOTED_INCLUDE_IN_FRAMEWORK_HEADER = YES;
				CLANG_WARN_RANGE_LOOP_ANALYSIS = YES;
				CLANG_WARN_STRICT_PROTOTYPES = YES;
				CLANG_WARN_SUSPICIOUS_MOVE = YES;
				CLANG_WARN_UNGUARDED_AVAILABILITY = YES_AGGRESSIVE;
				CLANG_WARN_UNREACHABLE_CODE = YES;
				CLANG_WARN__DUPLICATE_METHOD_MATCH = YES;
				COPY_PHASE_STRIP = NO;
				DEBUG_INFORMATION_FORMAT = "dwarf-with-dsym";
				DEVELOPMENT_TEAM = AD7SJSPX55;
				ENABLE_NS_ASSERTIONS = NO;
				ENABLE_STRICT_OBJC_MSGSEND = YES;
				ENABLE_USER_SCRIPT_SANDBOXING = YES;
				GCC_C_LANGUAGE_STANDARD = gnu17;
				GCC_NO_COMMON_BLOCKS = YES;
				GCC_WARN_64_TO_32_BIT_CONVERSION = YES;
				GCC_WARN_ABOUT_RETURN_TYPE = YES_ERROR;
				GCC_WARN_UNDECLARED_SELECTOR = YES;
				GCC_WARN_UNINITIALIZED_AUTOS = YES_AGGRESSIVE;
				GCC_WARN_UNUSED_FUNCTION = YES;
				GCC_WARN_UNUSED_VARIABLE = YES;
				LOCALIZATION_PREFERS_STRING_CATALOGS = YES;
				MTL_ENABLE_DEBUG_INFO = NO;
				MTL_FAST_MATH = YES;
				SWIFT_COMPILATION_MODE = wholemodule;
			};
			name = Release;
		};
/* End XCBuildConfiguration section */

/* Begin XCConfigurationList section */
		79CC4B772E2DBD3B008C83D5 /* Build configuration list for PBXProject "Infinitum Horizon" */ = {
			isa = XCConfigurationList;
			buildConfigurations = (
				79CC4B8D2E2DBD3C008C83D5 /* Debug */,
				79CC4B8E2E2DBD3C008C83D5 /* Release */,
			);
			defaultConfigurationIsVisible = 0;
			defaultConfigurationName = Release;
		};
		79CC4B8A2E2DBD3C008C83D5 /* Build configuration list for PBXNativeTarget "Infinitum Horizon" */ = {
			isa = XCConfigurationList;
			buildConfigurations = (
				79CC4B8B2E2DBD3C008C83D5 /* Debug */,
				79CC4B8C2E2DBD3C008C83D5 /* Release */,
			);
			defaultConfigurationIsVisible = 0;
			defaultConfigurationName = Release;
		};
/* End XCConfigurationList section */

/* Begin XCRemoteSwiftPackageReference section */
		79C874012E2E0FB80052173F /* XCRemoteSwiftPackageReference "swift-package-manager-google-mobile-ads" */ = {
			isa = XCRemoteSwiftPackageReference;
			repositoryURL = "https://github.com/googleads/swift-package-manager-google-mobile-ads";
			requirement = {
				kind = upToNextMajorVersion;
				minimumVersion = 12.7.0;
			};
		};
		79CC4BD42E2DE3F4008C83D5 /* XCRemoteSwiftPackageReference "firebase-ios-sdk" */ = {
			isa = XCRemoteSwiftPackageReference;
			repositoryURL = "https://github.com/firebase/firebase-ios-sdk.git";
			requirement = {
				kind = upToNextMajorVersion;
				minimumVersion = 12.0.0;
			};
		};
/* End XCRemoteSwiftPackageReference section */

/* Begin XCSwiftPackageProductDependency section */
		79C874022E2E0FB80052173F /* GoogleMobileAds */ = {
			isa = XCSwiftPackageProductDependency;
			package = 79C874012E2E0FB80052173F /* XCRemoteSwiftPackageReference "swift-package-manager-google-mobile-ads" */;
			productName = GoogleMobileAds;
		};
		79CC4BD72E2DE3F4008C83D5 /* FirebaseAnalytics */ = {
			isa = XCSwiftPackageProductDependency;
			package = 79CC4BD42E2DE3F4008C83D5 /* XCRemoteSwiftPackageReference "firebase-ios-sdk" */;
			productName = FirebaseAnalytics;
		};
		79CC4BD92E2DE3F4008C83D5 /* FirebaseAnalyticsCore */ = {
			isa = XCSwiftPackageProductDependency;
			package = 79CC4BD42E2DE3F4008C83D5 /* XCRemoteSwiftPackageReference "firebase-ios-sdk" */;
			productName = FirebaseAnalyticsCore;
		};
		79CC4BE12E2DE3F4008C83D5 /* FirebaseAuth */ = {
			isa = XCSwiftPackageProductDependency;
			package = 79CC4BD42E2DE3F4008C83D5 /* XCRemoteSwiftPackageReference "firebase-ios-sdk" */;
			productName = FirebaseAuth;
		};
		79CC4BE52E2DE3F4008C83D5 /* FirebaseCore */ = {
			isa = XCSwiftPackageProductDependency;
			package = 79CC4BD42E2DE3F4008C83D5 /* XCRemoteSwiftPackageReference "firebase-ios-sdk" */;
			productName = FirebaseCore;
		};
		79CC4BE72E2DE3F4008C83D5 /* FirebaseCrashlytics */ = {
			isa = XCSwiftPackageProductDependency;
			package = 79CC4BD42E2DE3F4008C83D5 /* XCRemoteSwiftPackageReference "firebase-ios-sdk" */;
			productName = FirebaseCrashlytics;
		};
		79CC4BE92E2DE3F4008C83D5 /* FirebaseDatabase */ = {
			isa = XCSwiftPackageProductDependency;
			package = 79CC4BD42E2DE3F4008C83D5 /* XCRemoteSwiftPackageReference "firebase-ios-sdk" */;
			productName = FirebaseDatabase;
		};
		79CC4BEB2E2DE3F4008C83D5 /* FirebaseFirestore */ = {
			isa = XCSwiftPackageProductDependency;
			package = 79CC4BD42E2DE3F4008C83D5 /* XCRemoteSwiftPackageReference "firebase-ios-sdk" */;
			productName = FirebaseFirestore;
		};
		79CC4BEF2E2DE3F4008C83D5 /* FirebaseFunctions */ = {
			isa = XCSwiftPackageProductDependency;
			package = 79CC4BD42E2DE3F4008C83D5 /* XCRemoteSwiftPackageReference "firebase-ios-sdk" */;
			productName = FirebaseFunctions;
		};
		79CC4BF92E2DE3F4008C83D5 /* FirebaseMessaging */ = {
			isa = XCSwiftPackageProductDependency;
			package = 79CC4BD42E2DE3F4008C83D5 /* XCRemoteSwiftPackageReference "firebase-ios-sdk" */;
			productName = FirebaseMessaging;
		};
		79CC4BFD2E2DE3F4008C83D5 /* FirebaseRemoteConfig */ = {
			isa = XCSwiftPackageProductDependency;
			package = 79CC4BD42E2DE3F4008C83D5 /* XCRemoteSwiftPackageReference "firebase-ios-sdk" */;
			productName = FirebaseRemoteConfig;
		};
		79CC4BFF2E2DE3F4008C83D5 /* FirebaseStorage */ = {
			isa = XCSwiftPackageProductDependency;
			package = 79CC4BD42E2DE3F4008C83D5 /* XCRemoteSwiftPackageReference "firebase-ios-sdk" */;
			productName = FirebaseStorage;
		};
/* End XCSwiftPackageProductDependency section */
	};
	rootObject = 79CC4B742E2DBD3B008C83D5 /* Project object */;
}
